
Microsoft Visual Studio Solution File, Format Version 12.00
# Visual Studio Version 16
VisualStudioVersion = 16.0.30509.190
MinimumVisualStudioVersion = 10.0.40219.1
Project("{FAE04EC0-301F-11D3-BF4B-00C04F79EFBC}") = "MixFlow.UI", "MixFlow.UI\MixFlow.UI.csproj", "{0864D3E1-2CC4-4C45-87DA-B37F5C666A9F}"
EndProject
Project("{FAE04EC0-301F-11D3-BF4B-00C04F79EFBC}") = "MixFlow.Core", "MixFlow.Core\MixFlow.Core.csproj", "{0496BFE1-FC5E-4027-97C8-BDBBE1BD237F}"
EndProject
Global
	GlobalSection(SolutionConfigurationPlatforms) = preSolution
		Debug|Any CPU = Debug|Any CPU
		Release|Any CPU = Release|Any CPU
	EndGlobalSection
	GlobalSection(ProjectConfigurationPlatforms) = postSolution
		{0864D3E1-2CC4-4C45-87DA-B37F5C666A9F}.Debug|Any CPU.ActiveCfg = Debug|Any CPU
		{0864D3E1-2CC4-4C45-87DA-B37F5C666A9F}.Debug|Any CPU.Build.0 = Debug|Any CPU
		{0864D3E1-2CC4-4C45-87DA-B37F5C666A9F}.Release|Any CPU.ActiveCfg = Release|Any CPU
		{0864D3E1-2CC4-4C45-87DA-B37F5C666A9F}.Release|Any CPU.Build.0 = Release|Any CPU
		{0496BFE1-FC5E-4027-97C8-BDBBE1BD237F}.Debug|Any CPU.ActiveCfg = Debug|Any CPU
		{0496BFE1-FC5E-4027-97C8-BDBBE1BD237F}.Debug|Any CPU.Build.0 = Debug|Any CPU
		{0496BFE1-FC5E-4027-97C8-BDBBE1BD237F}.Release|Any CPU.ActiveCfg = Release|Any CPU
		{0496BFE1-FC5E-4027-97C8-BDBBE1BD237F}.Release|Any CPU.Build.0 = Release|Any CPU
	EndGlobalSection
	GlobalSection(SolutionProperties) = preSolution
		HideSolutionNode = FALSE
	EndGlobalSection
	GlobalSection(ExtensibilityGlobals) = postSolution
		SolutionGuid = {1BF908BE-63F8-429F-A9F6-4FBD03A58F7F}
	EndGlobalSection
EndGlobal
